Microsoft Visual Studio Solution File, Format Version 8.00
Project("{8BC9CEB8-8B4A-11D0-8D11-00A0C91BC942}") = "pput", "Pput.vcproj", "{5F017A82-99A9-405B-90E3-E9791DD42D34}"
	ProjectSection(ProjectDependencies) = postProject
	EndProjectSection
EndProject
Global
	GlobalSection(SolutionConfiguration) = preSolution
		Debug = Debug
		Release = Release
	EndGlobalSection
	GlobalSection(ProjectConfiguration) = postSolution
		{5F017A82-99A9-405B-90E3-E9791DD42D34}.Debug.ActiveCfg = Debug|Win32
		{5F017A82-99A9-405B-90E3-E9791DD42D34}.Debug.Build.0 = Debug|Win32
		{5F017A82-99A9-405B-90E3-E9791DD42D34}.Release.ActiveCfg = Release|Win32
		{5F017A82-99A9-405B-90E3-E9791DD42D34}.Release.Build.0 = Release|Win32
	EndGlobalSection
	GlobalSection(ExtensibilityGlobals) = postSolution
	EndGlobalSection
	GlobalSection(ExtensibilityAddIns) = postSolution
	EndGlobalSection
EndGlobal
