
Microsoft Visual Studio Solution File, Format Version 10.00
# Visual Studio 2008
Project("{F3938A0F-9F36-4FF8-A0E5-C7EB50189265}") = "VisAdm", "VisAdm.vcproj", "{1A40E331-C709-46E0-81F3-A28F7DD9EA59}"
EndProject
Global
	GlobalSection(SolutionConfigurationPlatforms) = preSolution
		Debug|Windows Mobile 5.0 Pocket PC SDK (ARMV4I) = Debug|Windows Mobile 5.0 Pocket PC SDK (ARMV4I)
		Debug|Windows Mobile 5.0 Smartphone SDK (ARMV4I) = Debug|Windows Mobile 5.0 Smartphone SDK (ARMV4I)
		Release|Windows Mobile 5.0 Pocket PC SDK (ARMV4I) = Release|Windows Mobile 5.0 Pocket PC SDK (ARMV4I)
		Release|Windows Mobile 5.0 Smartphone SDK (ARMV4I) = Release|Windows Mobile 5.0 Smartphone SDK (ARMV4I)
	EndGlobalSection
	GlobalSection(ProjectConfigurationPlatforms) = postSolution
		{1A40E331-C709-46E0-81F3-A28F7DD9EA59}.Debug|Windows Mobile 5.0 Pocket PC SDK (ARMV4I).ActiveCfg = Debug|Windows Mobile 5.0 Pocket PC SDK (ARMV4I)
		{1A40E331-C709-46E0-81F3-A28F7DD9EA59}.Debug|Windows Mobile 5.0 Pocket PC SDK (ARMV4I).Build.0 = Debug|Windows Mobile 5.0 Pocket PC SDK (ARMV4I)
		{1A40E331-C709-46E0-81F3-A28F7DD9EA59}.Debug|Windows Mobile 5.0 Pocket PC SDK (ARMV4I).Deploy.0 = Debug|Windows Mobile 5.0 Pocket PC SDK (ARMV4I)
		{1A40E331-C709-46E0-81F3-A28F7DD9EA59}.Debug|Windows Mobile 5.0 Smartphone SDK (ARMV4I).ActiveCfg = Debug|Windows Mobile 5.0 Smartphone SDK (ARMV4I)
		{1A40E331-C709-46E0-81F3-A28F7DD9EA59}.Debug|Windows Mobile 5.0 Smartphone SDK (ARMV4I).Build.0 = Debug|Windows Mobile 5.0 Smartphone SDK (ARMV4I)
		{1A40E331-C709-46E0-81F3-A28F7DD9EA59}.Debug|Windows Mobile 5.0 Smartphone SDK (ARMV4I).Deploy.0 = Debug|Windows Mobile 5.0 Smartphone SDK (ARMV4I)
		{1A40E331-C709-46E0-81F3-A28F7DD9EA59}.Release|Windows Mobile 5.0 Pocket PC SDK (ARMV4I).ActiveCfg = Release|Windows Mobile 5.0 Pocket PC SDK (ARMV4I)
		{1A40E331-C709-46E0-81F3-A28F7DD9EA59}.Release|Windows Mobile 5.0 Pocket PC SDK (ARMV4I).Build.0 = Release|Windows Mobile 5.0 Pocket PC SDK (ARMV4I)
		{1A40E331-C709-46E0-81F3-A28F7DD9EA59}.Release|Windows Mobile 5.0 Pocket PC SDK (ARMV4I).Deploy.0 = Release|Windows Mobile 5.0 Pocket PC SDK (ARMV4I)
		{1A40E331-C709-46E0-81F3-A28F7DD9EA59}.Release|Windows Mobile 5.0 Smartphone SDK (ARMV4I).ActiveCfg = Release|Windows Mobile 5.0 Smartphone SDK (ARMV4I)
		{1A40E331-C709-46E0-81F3-A28F7DD9EA59}.Release|Windows Mobile 5.0 Smartphone SDK (ARMV4I).Build.0 = Release|Windows Mobile 5.0 Smartphone SDK (ARMV4I)
		{1A40E331-C709-46E0-81F3-A28F7DD9EA59}.Release|Windows Mobile 5.0 Smartphone SDK (ARMV4I).Deploy.0 = Release|Windows Mobile 5.0 Smartphone SDK (ARMV4I)
	EndGlobalSection
	GlobalSection(SolutionProperties) = preSolution
		HideSolutionNode = FALSE
	EndGlobalSection
EndGlobal
