
Microsoft Visual Studio Solution File, Format Version 10.00
# Visual Studio 2008
Project("{FAE04EC0-301F-11D3-BF4B-00C04F79EFBC}") = "SmsIm", "SmsIm.csproj", "{CC86DF0F-8679-4598-82CF-A336C49B28CF}"
EndProject
Global
	GlobalSection(SolutionConfigurationPlatforms) = preSolution
		Debug|Any CPU = Debug|Any CPU
		Release|Any CPU = Release|Any CPU
	EndGlobalSection
	GlobalSection(ProjectConfigurationPlatforms) = postSolution
		{CC86DF0F-8679-4598-82CF-A336C49B28CF}.Debug|Any CPU.ActiveCfg = Debug|Any CPU
		{CC86DF0F-8679-4598-82CF-A336C49B28CF}.Debug|Any CPU.Build.0 = Debug|Any CPU
		{CC86DF0F-8679-4598-82CF-A336C49B28CF}.Debug|Any CPU.Deploy.0 = Debug|Any CPU
		{CC86DF0F-8679-4598-82CF-A336C49B28CF}.Release|Any CPU.ActiveCfg = Release|Any CPU
		{CC86DF0F-8679-4598-82CF-A336C49B28CF}.Release|Any CPU.Build.0 = Release|Any CPU
		{CC86DF0F-8679-4598-82CF-A336C49B28CF}.Release|Any CPU.Deploy.0 = Release|Any CPU
	EndGlobalSection
	GlobalSection(SolutionProperties) = preSolution
		HideSolutionNode = FALSE
	EndGlobalSection
EndGlobal
