
Microsoft Visual Studio Solution File, Format Version 9.00
# Visual Studio 2005
Project("{8BC9CEB8-8B4A-11D0-8D11-00A0C91BC942}") = "resdll", "resdll.vcproj", "{C753E7C5-C506-4CFF-961D-D781F7725A91}"
EndProject
Project("{8BC9CEB8-8B4A-11D0-8D11-00A0C91BC942}") = "Res_096", "Res_096\Res_096.vcproj", "{5322CA3E-350D-4560-AC0C-0007ACD77656}"
EndProject
Project("{8BC9CEB8-8B4A-11D0-8D11-00A0C91BC942}") = "Res_192", "Res_192\Res_192.vcproj", "{3E59C644-F953-4A88-9DCB-A4FC1F8149E0}"
EndProject
Project("{8BC9CEB8-8B4A-11D0-8D11-00A0C91BC942}") = "SetupDPI", "SetupDPI\SetupDPI.vcproj", "{765B92AE-125B-40C9-B92F-106B86D5F77B}"
EndProject
Project("{B900F1C2-3D47-4FEC-85B3-04AAF18C3634}") = "SetUp_DPI", "SetUp_DPI\SetUp_DPI.vddproj", "{8C15595F-6001-4164-A39E-F779FC9BB2FE}"
EndProject
Project("{8BC9CEB8-8B4A-11D0-8D11-00A0C91BC942}") = "GetRealDPI", "GetRealDPI\GetRealDPI.vcproj", "{0AB7A32E-66A8-4FF4-A305-95D23476B62A}"
EndProject
Project("{2150E333-8FDC-42A3-9474-1A3956D46DE8}") = "Solution Items", "Solution Items", "{EA1A50B6-6C96-4816-98F5-B1A34036869E}"
	ProjectSection(SolutionItems) = postProject
		ReadMe.txt = ReadMe.txt
	EndProjectSection
EndProject
Global
	GlobalSection(SolutionConfigurationPlatforms) = preSolution
		Debug|Windows Mobile 6 Professional SDK (ARMV4I) = Debug|Windows Mobile 6 Professional SDK (ARMV4I)
		Release|Windows Mobile 6 Professional SDK (ARMV4I) = Release|Windows Mobile 6 Professional SDK (ARMV4I)
	EndGlobalSection
	GlobalSection(ProjectConfigurationPlatforms) = postSolution
		{C753E7C5-C506-4CFF-961D-D781F7725A91}.Debug|Windows Mobile 6 Professional SDK (ARMV4I).ActiveCfg = Debug|Windows Mobile 6 Professional SDK (ARMV4I)
		{C753E7C5-C506-4CFF-961D-D781F7725A91}.Debug|Windows Mobile 6 Professional SDK (ARMV4I).Build.0 = Debug|Windows Mobile 6 Professional SDK (ARMV4I)
		{C753E7C5-C506-4CFF-961D-D781F7725A91}.Debug|Windows Mobile 6 Professional SDK (ARMV4I).Deploy.0 = Debug|Windows Mobile 6 Professional SDK (ARMV4I)
		{C753E7C5-C506-4CFF-961D-D781F7725A91}.Release|Windows Mobile 6 Professional SDK (ARMV4I).ActiveCfg = Release|Windows Mobile 6 Professional SDK (ARMV4I)
		{C753E7C5-C506-4CFF-961D-D781F7725A91}.Release|Windows Mobile 6 Professional SDK (ARMV4I).Build.0 = Release|Windows Mobile 6 Professional SDK (ARMV4I)
		{C753E7C5-C506-4CFF-961D-D781F7725A91}.Release|Windows Mobile 6 Professional SDK (ARMV4I).Deploy.0 = Release|Windows Mobile 6 Professional SDK (ARMV4I)
		{5322CA3E-350D-4560-AC0C-0007ACD77656}.Debug|Windows Mobile 6 Professional SDK (ARMV4I).ActiveCfg = Debug|Windows Mobile 6 Professional SDK (ARMV4I)
		{5322CA3E-350D-4560-AC0C-0007ACD77656}.Debug|Windows Mobile 6 Professional SDK (ARMV4I).Build.0 = Debug|Windows Mobile 6 Professional SDK (ARMV4I)
		{5322CA3E-350D-4560-AC0C-0007ACD77656}.Debug|Windows Mobile 6 Professional SDK (ARMV4I).Deploy.0 = Debug|Windows Mobile 6 Professional SDK (ARMV4I)
		{5322CA3E-350D-4560-AC0C-0007ACD77656}.Release|Windows Mobile 6 Professional SDK (ARMV4I).ActiveCfg = Release|Windows Mobile 6 Professional SDK (ARMV4I)
		{5322CA3E-350D-4560-AC0C-0007ACD77656}.Release|Windows Mobile 6 Professional SDK (ARMV4I).Build.0 = Release|Windows Mobile 6 Professional SDK (ARMV4I)
		{5322CA3E-350D-4560-AC0C-0007ACD77656}.Release|Windows Mobile 6 Professional SDK (ARMV4I).Deploy.0 = Release|Windows Mobile 6 Professional SDK (ARMV4I)
		{3E59C644-F953-4A88-9DCB-A4FC1F8149E0}.Debug|Windows Mobile 6 Professional SDK (ARMV4I).ActiveCfg = Debug|Windows Mobile 6 Professional SDK (ARMV4I)
		{3E59C644-F953-4A88-9DCB-A4FC1F8149E0}.Debug|Windows Mobile 6 Professional SDK (ARMV4I).Build.0 = Debug|Windows Mobile 6 Professional SDK (ARMV4I)
		{3E59C644-F953-4A88-9DCB-A4FC1F8149E0}.Debug|Windows Mobile 6 Professional SDK (ARMV4I).Deploy.0 = Debug|Windows Mobile 6 Professional SDK (ARMV4I)
		{3E59C644-F953-4A88-9DCB-A4FC1F8149E0}.Release|Windows Mobile 6 Professional SDK (ARMV4I).ActiveCfg = Release|Windows Mobile 6 Professional SDK (ARMV4I)
		{3E59C644-F953-4A88-9DCB-A4FC1F8149E0}.Release|Windows Mobile 6 Professional SDK (ARMV4I).Build.0 = Release|Windows Mobile 6 Professional SDK (ARMV4I)
		{3E59C644-F953-4A88-9DCB-A4FC1F8149E0}.Release|Windows Mobile 6 Professional SDK (ARMV4I).Deploy.0 = Release|Windows Mobile 6 Professional SDK (ARMV4I)
		{765B92AE-125B-40C9-B92F-106B86D5F77B}.Debug|Windows Mobile 6 Professional SDK (ARMV4I).ActiveCfg = Debug|Windows Mobile 6 Professional SDK (ARMV4I)
		{765B92AE-125B-40C9-B92F-106B86D5F77B}.Debug|Windows Mobile 6 Professional SDK (ARMV4I).Build.0 = Debug|Windows Mobile 6 Professional SDK (ARMV4I)
		{765B92AE-125B-40C9-B92F-106B86D5F77B}.Debug|Windows Mobile 6 Professional SDK (ARMV4I).Deploy.0 = Debug|Windows Mobile 6 Professional SDK (ARMV4I)
		{765B92AE-125B-40C9-B92F-106B86D5F77B}.Release|Windows Mobile 6 Professional SDK (ARMV4I).ActiveCfg = Release|Windows Mobile 6 Professional SDK (ARMV4I)
		{765B92AE-125B-40C9-B92F-106B86D5F77B}.Release|Windows Mobile 6 Professional SDK (ARMV4I).Build.0 = Release|Windows Mobile 6 Professional SDK (ARMV4I)
		{765B92AE-125B-40C9-B92F-106B86D5F77B}.Release|Windows Mobile 6 Professional SDK (ARMV4I).Deploy.0 = Release|Windows Mobile 6 Professional SDK (ARMV4I)
		{8C15595F-6001-4164-A39E-F779FC9BB2FE}.Debug|Windows Mobile 6 Professional SDK (ARMV4I).ActiveCfg = Debug
		{8C15595F-6001-4164-A39E-F779FC9BB2FE}.Debug|Windows Mobile 6 Professional SDK (ARMV4I).Build.0 = Debug
		{8C15595F-6001-4164-A39E-F779FC9BB2FE}.Release|Windows Mobile 6 Professional SDK (ARMV4I).ActiveCfg = Release
		{8C15595F-6001-4164-A39E-F779FC9BB2FE}.Release|Windows Mobile 6 Professional SDK (ARMV4I).Build.0 = Release
		{0AB7A32E-66A8-4FF4-A305-95D23476B62A}.Debug|Windows Mobile 6 Professional SDK (ARMV4I).ActiveCfg = Debug|Windows Mobile 6 Professional SDK (ARMV4I)
		{0AB7A32E-66A8-4FF4-A305-95D23476B62A}.Debug|Windows Mobile 6 Professional SDK (ARMV4I).Build.0 = Debug|Windows Mobile 6 Professional SDK (ARMV4I)
		{0AB7A32E-66A8-4FF4-A305-95D23476B62A}.Debug|Windows Mobile 6 Professional SDK (ARMV4I).Deploy.0 = Debug|Windows Mobile 6 Professional SDK (ARMV4I)
		{0AB7A32E-66A8-4FF4-A305-95D23476B62A}.Release|Windows Mobile 6 Professional SDK (ARMV4I).ActiveCfg = Release|Windows Mobile 6 Professional SDK (ARMV4I)
		{0AB7A32E-66A8-4FF4-A305-95D23476B62A}.Release|Windows Mobile 6 Professional SDK (ARMV4I).Build.0 = Release|Windows Mobile 6 Professional SDK (ARMV4I)
		{0AB7A32E-66A8-4FF4-A305-95D23476B62A}.Release|Windows Mobile 6 Professional SDK (ARMV4I).Deploy.0 = Release|Windows Mobile 6 Professional SDK (ARMV4I)
	EndGlobalSection
	GlobalSection(SolutionProperties) = preSolution
		HideSolutionNode = FALSE
	EndGlobalSection
EndGlobal
