
Microsoft Visual Studio Solution File, Format Version 9.00
# Visual Studio 2005
Project("{8BC9CEB8-8B4A-11D0-8D11-00A0C91BC942}") = "PhysicsEngineSample", "PhysicsEngine Sample\PhysicsEngineSample.vcproj", "{4373A660-2647-4977-8DB8-CF5D2B3A843E}"
EndProject
Project("{8BC9CEB8-8B4A-11D0-8D11-00A0C91BC942}") = "WagSample", "WAG Sample\WagSample.vcproj", "{D61B292E-B9B5-4BC4-881A-A7D5980A6FD0}"
EndProject
Project("{8BC9CEB8-8B4A-11D0-8D11-00A0C91BC942}") = "GestureMetricsSample", "GestureMetricsSample\GestureMetricsSample.vcproj", "{7737B606-788D-4C8E-98DB-F8D168B87949}"
EndProject
Global
    GlobalSection(SolutionConfigurationPlatforms) = preSolution
        Debug|Windows Mobile 6 Professional SDK (ARMV4I) = Debug|Windows Mobile 6 Professional SDK (ARMV4I)
        Release|Windows Mobile 6 Professional SDK (ARMV4I) = Release|Windows Mobile 6 Professional SDK (ARMV4I)
    EndGlobalSection
    GlobalSection(ProjectConfigurationPlatforms) = postSolution
        {4373A660-2647-4977-8DB8-CF5D2B3A843E}.Debug|Windows Mobile 6 Professional SDK (ARMV4I).ActiveCfg = Debug|Windows Mobile 6 Professional SDK (ARMV4I)
        {4373A660-2647-4977-8DB8-CF5D2B3A843E}.Debug|Windows Mobile 6 Professional SDK (ARMV4I).Build.0 = Debug|Windows Mobile 6 Professional SDK (ARMV4I)
        {4373A660-2647-4977-8DB8-CF5D2B3A843E}.Debug|Windows Mobile 6 Professional SDK (ARMV4I).Deploy.0 = Debug|Windows Mobile 6 Professional SDK (ARMV4I)
        {4373A660-2647-4977-8DB8-CF5D2B3A843E}.Release|Windows Mobile 6 Professional SDK (ARMV4I).ActiveCfg = Release|Windows Mobile 6 Professional SDK (ARMV4I)
        {4373A660-2647-4977-8DB8-CF5D2B3A843E}.Release|Windows Mobile 6 Professional SDK (ARMV4I).Build.0 = Release|Windows Mobile 6 Professional SDK (ARMV4I)
        {4373A660-2647-4977-8DB8-CF5D2B3A843E}.Release|Windows Mobile 6 Professional SDK (ARMV4I).Deploy.0 = Release|Windows Mobile 6 Professional SDK (ARMV4I)
        {D61B292E-B9B5-4BC4-881A-A7D5980A6FD0}.Debug|Windows Mobile 6 Professional SDK (ARMV4I).ActiveCfg = Debug|Windows Mobile 6 Professional SDK (ARMV4I)
        {D61B292E-B9B5-4BC4-881A-A7D5980A6FD0}.Debug|Windows Mobile 6 Professional SDK (ARMV4I).Build.0 = Debug|Windows Mobile 6 Professional SDK (ARMV4I)
        {D61B292E-B9B5-4BC4-881A-A7D5980A6FD0}.Debug|Windows Mobile 6 Professional SDK (ARMV4I).Deploy.0 = Debug|Windows Mobile 6 Professional SDK (ARMV4I)
        {D61B292E-B9B5-4BC4-881A-A7D5980A6FD0}.Release|Windows Mobile 6 Professional SDK (ARMV4I).ActiveCfg = Release|Windows Mobile 6 Professional SDK (ARMV4I)
        {D61B292E-B9B5-4BC4-881A-A7D5980A6FD0}.Release|Windows Mobile 6 Professional SDK (ARMV4I).Build.0 = Release|Windows Mobile 6 Professional SDK (ARMV4I)
        {D61B292E-B9B5-4BC4-881A-A7D5980A6FD0}.Release|Windows Mobile 6 Professional SDK (ARMV4I).Deploy.0 = Release|Windows Mobile 6 Professional SDK (ARMV4I)
        {7737B606-788D-4C8E-98DB-F8D168B87949}.Debug|Windows Mobile 6 Professional SDK (ARMV4I).ActiveCfg = Debug|Windows Mobile 6 Professional SDK (ARMV4I)
        {7737B606-788D-4C8E-98DB-F8D168B87949}.Debug|Windows Mobile 6 Professional SDK (ARMV4I).Build.0 = Debug|Windows Mobile 6 Professional SDK (ARMV4I)
        {7737B606-788D-4C8E-98DB-F8D168B87949}.Debug|Windows Mobile 6 Professional SDK (ARMV4I).Deploy.0 = Debug|Windows Mobile 6 Professional SDK (ARMV4I)
        {7737B606-788D-4C8E-98DB-F8D168B87949}.Release|Windows Mobile 6 Professional SDK (ARMV4I).ActiveCfg = Release|Windows Mobile 6 Professional SDK (ARMV4I)
        {7737B606-788D-4C8E-98DB-F8D168B87949}.Release|Windows Mobile 6 Professional SDK (ARMV4I).Build.0 = Release|Windows Mobile 6 Professional SDK (ARMV4I)
        {7737B606-788D-4C8E-98DB-F8D168B87949}.Release|Windows Mobile 6 Professional SDK (ARMV4I).Deploy.0 = Release|Windows Mobile 6 Professional SDK (ARMV4I)
    EndGlobalSection
    GlobalSection(SolutionProperties) = preSolution
        HideSolutionNode = FALSE
    EndGlobalSection
EndGlobal
