Microsoft Visual Studio Solution File, Format Version 7.00
Project("{8BC9CEB8-8B4A-11D0-8D11-00A0C91BC942}") = "DeferredInstaller", "DeferredInstaller.vcproj", "{2175E1D0-9528-42FC-8447-3C5B89A1350A}"
EndProject
Global
	GlobalSection(SolutionConfiguration) = preSolution
		ConfigName.0 = Debug
		ConfigName.1 = Release
	EndGlobalSection
	GlobalSection(ProjectDependencies) = postSolution
	EndGlobalSection
	GlobalSection(ProjectConfiguration) = postSolution
		{2175E1D0-9528-42FC-8447-3C5B89A1350A}.Debug.ActiveCfg = Debug|Win32
		{2175E1D0-9528-42FC-8447-3C5B89A1350A}.Debug.Build.0 = Debug|Win32
		{2175E1D0-9528-42FC-8447-3C5B89A1350A}.Release.ActiveCfg = Release|Win32
		{2175E1D0-9528-42FC-8447-3C5B89A1350A}.Release.Build.0 = Release|Win32
	EndGlobalSection
	GlobalSection(ExtensibilityGlobals) = postSolution
	EndGlobalSection
	GlobalSection(ExtensibilityAddIns) = postSolution
	EndGlobalSection
EndGlobal
