
Microsoft Visual Studio Solution File, Format Version 10.00
# Visual Studio 2008
Project("{8BC9CEB8-8B4A-11D0-8D11-00A0C91BC942}") = "SocSRV", "SocSRV\SocSRV.vcproj", "{818F7795-13AC-48F1-98D0-E79F0128CC57}"
EndProject
Project("{8BC9CEB8-8B4A-11D0-8D11-00A0C91BC942}") = "SocClient", "SocClient\SocClient.vcproj", "{3E8C97AD-013C-42E6-A3F0-CFB309A6C76E}"
EndProject
Global
	GlobalSection(SolutionConfigurationPlatforms) = preSolution
		Debug|Mixed Platforms = Debug|Mixed Platforms
		Debug|Pocket PC 2003 (ARMV4) = Debug|Pocket PC 2003 (ARMV4)
		Debug|Win32 = Debug|Win32
		Debug|Windows Mobile 5.0 Pocket PC SDK (ARMV4I) = Debug|Windows Mobile 5.0 Pocket PC SDK (ARMV4I)
		Release|Mixed Platforms = Release|Mixed Platforms
		Release|Pocket PC 2003 (ARMV4) = Release|Pocket PC 2003 (ARMV4)
		Release|Win32 = Release|Win32
		Release|Windows Mobile 5.0 Pocket PC SDK (ARMV4I) = Release|Windows Mobile 5.0 Pocket PC SDK (ARMV4I)
	EndGlobalSection
	GlobalSection(ProjectConfigurationPlatforms) = postSolution
		{818F7795-13AC-48F1-98D0-E79F0128CC57}.Debug|Mixed Platforms.ActiveCfg = Debug|Windows Mobile 5.0 Pocket PC SDK (ARMV4I)
		{818F7795-13AC-48F1-98D0-E79F0128CC57}.Debug|Mixed Platforms.Build.0 = Debug|Windows Mobile 5.0 Pocket PC SDK (ARMV4I)
		{818F7795-13AC-48F1-98D0-E79F0128CC57}.Debug|Mixed Platforms.Deploy.0 = Debug|Windows Mobile 5.0 Pocket PC SDK (ARMV4I)
		{818F7795-13AC-48F1-98D0-E79F0128CC57}.Debug|Pocket PC 2003 (ARMV4).ActiveCfg = Debug|Pocket PC 2003 (ARMV4)
		{818F7795-13AC-48F1-98D0-E79F0128CC57}.Debug|Pocket PC 2003 (ARMV4).Build.0 = Debug|Pocket PC 2003 (ARMV4)
		{818F7795-13AC-48F1-98D0-E79F0128CC57}.Debug|Pocket PC 2003 (ARMV4).Deploy.0 = Debug|Pocket PC 2003 (ARMV4)
		{818F7795-13AC-48F1-98D0-E79F0128CC57}.Debug|Win32.ActiveCfg = Debug|Windows Mobile 5.0 Pocket PC SDK (ARMV4I)
		{818F7795-13AC-48F1-98D0-E79F0128CC57}.Debug|Windows Mobile 5.0 Pocket PC SDK (ARMV4I).ActiveCfg = Debug|Windows Mobile 5.0 Pocket PC SDK (ARMV4I)
		{818F7795-13AC-48F1-98D0-E79F0128CC57}.Debug|Windows Mobile 5.0 Pocket PC SDK (ARMV4I).Build.0 = Debug|Windows Mobile 5.0 Pocket PC SDK (ARMV4I)
		{818F7795-13AC-48F1-98D0-E79F0128CC57}.Debug|Windows Mobile 5.0 Pocket PC SDK (ARMV4I).Deploy.0 = Debug|Windows Mobile 5.0 Pocket PC SDK (ARMV4I)
		{818F7795-13AC-48F1-98D0-E79F0128CC57}.Release|Mixed Platforms.ActiveCfg = Release|Windows Mobile 5.0 Pocket PC SDK (ARMV4I)
		{818F7795-13AC-48F1-98D0-E79F0128CC57}.Release|Mixed Platforms.Build.0 = Release|Windows Mobile 5.0 Pocket PC SDK (ARMV4I)
		{818F7795-13AC-48F1-98D0-E79F0128CC57}.Release|Mixed Platforms.Deploy.0 = Release|Windows Mobile 5.0 Pocket PC SDK (ARMV4I)
		{818F7795-13AC-48F1-98D0-E79F0128CC57}.Release|Pocket PC 2003 (ARMV4).ActiveCfg = Release|Pocket PC 2003 (ARMV4)
		{818F7795-13AC-48F1-98D0-E79F0128CC57}.Release|Pocket PC 2003 (ARMV4).Build.0 = Release|Pocket PC 2003 (ARMV4)
		{818F7795-13AC-48F1-98D0-E79F0128CC57}.Release|Pocket PC 2003 (ARMV4).Deploy.0 = Release|Pocket PC 2003 (ARMV4)
		{818F7795-13AC-48F1-98D0-E79F0128CC57}.Release|Win32.ActiveCfg = Release|Windows Mobile 5.0 Pocket PC SDK (ARMV4I)
		{818F7795-13AC-48F1-98D0-E79F0128CC57}.Release|Windows Mobile 5.0 Pocket PC SDK (ARMV4I).ActiveCfg = Release|Windows Mobile 5.0 Pocket PC SDK (ARMV4I)
		{818F7795-13AC-48F1-98D0-E79F0128CC57}.Release|Windows Mobile 5.0 Pocket PC SDK (ARMV4I).Build.0 = Release|Windows Mobile 5.0 Pocket PC SDK (ARMV4I)
		{818F7795-13AC-48F1-98D0-E79F0128CC57}.Release|Windows Mobile 5.0 Pocket PC SDK (ARMV4I).Deploy.0 = Release|Windows Mobile 5.0 Pocket PC SDK (ARMV4I)
		{3E8C97AD-013C-42E6-A3F0-CFB309A6C76E}.Debug|Mixed Platforms.ActiveCfg = Debug|Win32
		{3E8C97AD-013C-42E6-A3F0-CFB309A6C76E}.Debug|Mixed Platforms.Build.0 = Debug|Win32
		{3E8C97AD-013C-42E6-A3F0-CFB309A6C76E}.Debug|Pocket PC 2003 (ARMV4).ActiveCfg = Debug|Win32
		{3E8C97AD-013C-42E6-A3F0-CFB309A6C76E}.Debug|Win32.ActiveCfg = Debug|Win32
		{3E8C97AD-013C-42E6-A3F0-CFB309A6C76E}.Debug|Win32.Build.0 = Debug|Win32
		{3E8C97AD-013C-42E6-A3F0-CFB309A6C76E}.Debug|Windows Mobile 5.0 Pocket PC SDK (ARMV4I).ActiveCfg = Debug|Win32
		{3E8C97AD-013C-42E6-A3F0-CFB309A6C76E}.Release|Mixed Platforms.ActiveCfg = Release|Win32
		{3E8C97AD-013C-42E6-A3F0-CFB309A6C76E}.Release|Mixed Platforms.Build.0 = Release|Win32
		{3E8C97AD-013C-42E6-A3F0-CFB309A6C76E}.Release|Pocket PC 2003 (ARMV4).ActiveCfg = Release|Win32
		{3E8C97AD-013C-42E6-A3F0-CFB309A6C76E}.Release|Win32.ActiveCfg = Release|Win32
		{3E8C97AD-013C-42E6-A3F0-CFB309A6C76E}.Release|Win32.Build.0 = Release|Win32
		{3E8C97AD-013C-42E6-A3F0-CFB309A6C76E}.Release|Windows Mobile 5.0 Pocket PC SDK (ARMV4I).ActiveCfg = Release|Win32
	EndGlobalSection
	GlobalSection(SolutionProperties) = preSolution
		HideSolutionNode = FALSE
	EndGlobalSection
EndGlobal
