
Microsoft Visual Studio Solution File, Format Version 10.00
# Visual Studio 2008
Project("{8BC9CEB8-8B4A-11D0-8D11-00A0C91BC942}") = "Pput", "Pput.vcproj", "{12FE2EF1-DE15-4763-8C72-4F5115B94073}"
EndProject
Global
	GlobalSection(SolutionConfigurationPlatforms) = preSolution
		Debug|Win32 = Debug|Win32
		Release|Win32 = Release|Win32
	EndGlobalSection
	GlobalSection(ProjectConfigurationPlatforms) = postSolution
		{12FE2EF1-DE15-4763-8C72-4F5115B94073}.Debug|Win32.ActiveCfg = Debug|Win32
		{12FE2EF1-DE15-4763-8C72-4F5115B94073}.Debug|Win32.Build.0 = Debug|Win32
		{12FE2EF1-DE15-4763-8C72-4F5115B94073}.Release|Win32.ActiveCfg = Release|Win32
		{12FE2EF1-DE15-4763-8C72-4F5115B94073}.Release|Win32.Build.0 = Release|Win32
	EndGlobalSection
	GlobalSection(SolutionProperties) = preSolution
		HideSolutionNode = FALSE
	EndGlobalSection
EndGlobal
